
Microsoft Visual Studio Solution File, Format Version 12.00
# Visual Studio Version 16
VisualStudioVersion = 16.0.30128.74
MinimumVisualStudioVersion = 10.0.40219.1
Project("{8BC9CEB8-8B4A-11D0-8D11-00A0C91BC942}") = "ConsoleApplication4", "ConsoleApplication4\ConsoleApplication4.vcxproj", "{2968C5A2-1B18-48CB-8A0D-BCC9A4E99058}"
EndProject
Project("{8BC9CEB8-8B4A-11D0-8D11-00A0C91BC942}") = "lib2python", "lib2python\lib2python.vcxproj", "{E618AFA1-0FB8-4CE8-91E6-C1A0709B741D}"
EndProject
Global
	GlobalSection(SolutionConfigurationPlatforms) = preSolution
		Debug|x64 = Debug|x64
		Debug|x86 = Debug|x86
		Release|x64 = Release|x64
		Release|x86 = Release|x86
	EndGlobalSection
	GlobalSection(ProjectConfigurationPlatforms) = postSolution
		{2968C5A2-1B18-48CB-8A0D-BCC9A4E99058}.Debug|x64.ActiveCfg = Debug|x64
		{2968C5A2-1B18-48CB-8A0D-BCC9A4E99058}.Debug|x64.Build.0 = Debug|x64
		{2968C5A2-1B18-48CB-8A0D-BCC9A4E99058}.Debug|x86.ActiveCfg = Debug|Win32
		{2968C5A2-1B18-48CB-8A0D-BCC9A4E99058}.Debug|x86.Build.0 = Debug|Win32
		{2968C5A2-1B18-48CB-8A0D-BCC9A4E99058}.Release|x64.ActiveCfg = Release|x64
		{2968C5A2-1B18-48CB-8A0D-BCC9A4E99058}.Release|x64.Build.0 = Release|x64
		{2968C5A2-1B18-48CB-8A0D-BCC9A4E99058}.Release|x86.ActiveCfg = Release|Win32
		{2968C5A2-1B18-48CB-8A0D-BCC9A4E99058}.Release|x86.Build.0 = Release|Win32
		{E618AFA1-0FB8-4CE8-91E6-C1A0709B741D}.Debug|x64.ActiveCfg = Debug|x64
		{E618AFA1-0FB8-4CE8-91E6-C1A0709B741D}.Debug|x64.Build.0 = Debug|x64
		{E618AFA1-0FB8-4CE8-91E6-C1A0709B741D}.Debug|x86.ActiveCfg = Debug|Win32
		{E618AFA1-0FB8-4CE8-91E6-C1A0709B741D}.Debug|x86.Build.0 = Debug|Win32
		{E618AFA1-0FB8-4CE8-91E6-C1A0709B741D}.Release|x64.ActiveCfg = Release|x64
		{E618AFA1-0FB8-4CE8-91E6-C1A0709B741D}.Release|x64.Build.0 = Release|x64
		{E618AFA1-0FB8-4CE8-91E6-C1A0709B741D}.Release|x86.ActiveCfg = Release|Win32
		{E618AFA1-0FB8-4CE8-91E6-C1A0709B741D}.Release|x86.Build.0 = Release|Win32
	EndGlobalSection
	GlobalSection(SolutionProperties) = preSolution
		HideSolutionNode = FALSE
	EndGlobalSection
	GlobalSection(ExtensibilityGlobals) = postSolution
		SolutionGuid = {20E88BD4-B4E0-43CF-8F37-C09ED5542634}
	EndGlobalSection
EndGlobal
